
Microsoft Visual Studio Solution File, Format Version 12.00
# Visual Studio Version 17
VisualStudioVersion = 17.2.32505.173
MinimumVisualStudioVersion = 10.0.40219.1
Project("{9A19103F-16F7-4668-BE54-9A1E7A4F7556}") = "modul-133-AronBA", "modul-133-AronBA\modul-133-AronBA.csproj", "{D426AD0B-D882-4B66-8481-0B9AA3053966}"
EndProject
Global
	GlobalSection(SolutionConfigurationPlatforms) = preSolution
		Debug|Any CPU = Debug|Any CPU
		Release|Any CPU = Release|Any CPU
	EndGlobalSection
	GlobalSection(ProjectConfigurationPlatforms) = postSolution
		{D426AD0B-D882-4B66-8481-0B9AA3053966}.Debug|Any CPU.ActiveCfg = Debug|Any CPU
		{D426AD0B-D882-4B66-8481-0B9AA3053966}.Debug|Any CPU.Build.0 = Debug|Any CPU
		{D426AD0B-D882-4B66-8481-0B9AA3053966}.Release|Any CPU.ActiveCfg = Release|Any CPU
		{D426AD0B-D882-4B66-8481-0B9AA3053966}.Release|Any CPU.Build.0 = Release|Any CPU
	EndGlobalSection
	GlobalSection(SolutionProperties) = preSolution
		HideSolutionNode = FALSE
	EndGlobalSection
	GlobalSection(ExtensibilityGlobals) = postSolution
		SolutionGuid = {4F499DF2-8BEF-4D97-ADC5-E5B3AE943195}
	EndGlobalSection
EndGlobal
